
Microsoft Visual Studio Solution File, Format Version 12.00
# Visual Studio Version 16
VisualStudioVersion = 16.0.31112.23
MinimumVisualStudioVersion = 10.0.40219.1
Project("{8BC9CEB8-8B4A-11D0-8D11-00A0C91BC942}") = "员工管理系统", "员工管理系统.vcxproj", "{E4360B75-3F32-4DE4-BBF7-80271FAF9E19}"
EndProject
Global
	GlobalSection(SolutionConfigurationPlatforms) = preSolution
		Debug|x64 = Debug|x64
		Debug|x86 = Debug|x86
		Release|x64 = Release|x64
		Release|x86 = Release|x86
	EndGlobalSection
	GlobalSection(ProjectConfigurationPlatforms) = postSolution
		{E4360B75-3F32-4DE4-BBF7-80271FAF9E19}.Debug|x64.ActiveCfg = Debug|x64
		{E4360B75-3F32-4DE4-BBF7-80271FAF9E19}.Debug|x64.Build.0 = Debug|x64
		{E4360B75-3F32-4DE4-BBF7-80271FAF9E19}.Debug|x86.ActiveCfg = Debug|Win32
		{E4360B75-3F32-4DE4-BBF7-80271FAF9E19}.Debug|x86.Build.0 = Debug|Win32
		{E4360B75-3F32-4DE4-BBF7-80271FAF9E19}.Release|x64.ActiveCfg = Release|x64
		{E4360B75-3F32-4DE4-BBF7-80271FAF9E19}.Release|x64.Build.0 = Release|x64
		{E4360B75-3F32-4DE4-BBF7-80271FAF9E19}.Release|x86.ActiveCfg = Release|Win32
		{E4360B75-3F32-4DE4-BBF7-80271FAF9E19}.Release|x86.Build.0 = Release|Win32
	EndGlobalSection
	GlobalSection(SolutionProperties) = preSolution
		HideSolutionNode = FALSE
	EndGlobalSection
	GlobalSection(ExtensibilityGlobals) = postSolution
		SolutionGuid = {FCB5700D-0F8C-4BC7-B170-8A97C665BCEA}
	EndGlobalSection
EndGlobal
